
Microsoft Visual Studio Solution File, Format Version 12.00
# Visual Studio Version 17
VisualStudioVersion = 17.14.36518.9 d17.14
MinimumVisualStudioVersion = 10.0.40219.1
Project("{FAE04EC0-301F-11D3-BF4B-00C04F79EFBC}") = "OnlineShop", "OnlineShop\OnlineShop.csproj", "{DE270B84-F28A-428E-9B40-8D67DA797B48}"
EndProject
Global
	GlobalSection(SolutionConfigurationPlatforms) = preSolution
		Debug|Any CPU = Debug|Any CPU
		Release|Any CPU = Release|Any CPU
	EndGlobalSection
	GlobalSection(ProjectConfigurationPlatforms) = postSolution
		{DE270B84-F28A-428E-9B40-8D67DA797B48}.Debug|Any CPU.ActiveCfg = Debug|Any CPU
		{DE270B84-F28A-428E-9B40-8D67DA797B48}.Debug|Any CPU.Build.0 = Debug|Any CPU
		{DE270B84-F28A-428E-9B40-8D67DA797B48}.Release|Any CPU.ActiveCfg = Release|Any CPU
		{DE270B84-F28A-428E-9B40-8D67DA797B48}.Release|Any CPU.Build.0 = Release|Any CPU
	EndGlobalSection
	GlobalSection(SolutionProperties) = preSolution
		HideSolutionNode = FALSE
	EndGlobalSection
	GlobalSection(ExtensibilityGlobals) = postSolution
		SolutionGuid = {CD93A76C-DED6-401E-85D9-1B25C8AFD5FE}
	EndGlobalSection
EndGlobal
